{
  "name": "use-adx",
  "version": "1.0.0",
  "lockfileVersion": 2,
  "requires": true,
  "packages": {
    "": {
      "name": "use-adx",
      "version": "1.0.0",
      "license": "MIT",
      "dependencies": {
        "adx": "file:../adx"
      }
    },
    "../adx": {
      "version": "0.0.1",
      "license": "MIT",
      "workspaces": [
        "common",
        "cli",
        "server"
      ],
      "devDependencies": {
        "rimraf": "^3.0.2",
        "wsrun": "^5.2.4"
      },
      "engines": {
        "node": ">=16"
      }
    },
    "node_modules/adx": {
      "resolved": "../adx",
      "link": true
    }
  },
  "dependencies": {
    "adx": {
      "version": "file:../adx",
      "requires": {
        "rimraf": "^3.0.2",
        "wsrun": "^5.2.4"
      }
    }
  }
}
